# This file is autogenerated, do not edit; changes may be undone by the next 'dep ensure'.


[[projects]]
  branch = "master"
  name = "github.com/BrianAllred/goydl"
  packages = ["."]
  revision = "015c9f2f47fc398605b489e39d9720338e7b356d"

[[projects]]
  name = "github.com/dghubble/oauth1"
  packages = ["."]
  revision = "70562a5920ad9b6ff03ef697c0f90ae569abbd2b"
  version = "v0.4.0"

[[projects]]
  branch = "master"
  name = "github.com/jmoiron/sqlx"
  packages = [
    ".",
    "reflectx"
  ]
  revision = "cf35089a197953c69420c8d0cecda90809764b1d"

[[projects]]
  name = "github.com/mattn/go-sqlite3"
  packages = ["."]
  revision = "6c771bb9887719704b210e87e934f08be014bdb1"
  version = "v1.6.0"

[[projects]]
  name = "github.com/tumblr/tumblr.go"
  packages = ["."]
  revision = "01c315a92daab3e8af9df49da1363cc60421fa70"
  version = "v1.0.0"

[[projects]]
  name = "github.com/tumblr/tumblrclient.go"
  packages = ["."]
  revision = "a17c0c6c5e1b7cf6a493cee47621034a11329358"
  version = "v1.0.0"

[[projects]]
  branch = "master"
  name = "golang.org/x/net"
  packages = ["context"]
  revision = "22ae77b79946ea320088417e4d50825671d82d57"

[solve-meta]
  analyzer-name = "dep"
  analyzer-version = 1
  inputs-digest = "c99ea66e3dc5e12d5d81d255d93b22e46475f0cd6316e0d074bd8df2bbe036df"
  solver-name = "gps-cdcl"
  solver-version = 1
