# This file is autogenerated, do not edit; changes may be undone by the next 'dep ensure'.


[[projects]]
  branch = "master"
  name = "github.com/BrianAllred/goydl"
  packages = ["."]
  revision = "015c9f2f47fc398605b489e39d9720338e7b356d"

[solve-meta]
  analyzer-name = "dep"
  analyzer-version = 1
  inputs-digest = "cab74243cf64c935c99ca2358b24f89c7fdebce598d98646e58026cdab84ef00"
  solver-name = "gps-cdcl"
  solver-version = 1
